<?xml version="1.0" encoding="utf-8"?>
<Project ToolsVersion="4.0" xmlns="http://schemas.microsoft.com/developer/msbuild/2003">
  <ItemGroup>
    <Filter Include="Source Files">
      <UniqueIdentifier>{4FC737F1-C7A5-4376-A066-2A32D752A2FF}</UniqueIdentifier>
      <Extensions>cpp;c;cc;cxx;c++;cppm;ixx;def;odl;idl;hpj;bat;asm;asmx</Extensions>
    </Filter>
    <Filter Include="Header Files">
      <UniqueIdentifier>{93995380-89BD-4b04-88EB-625FBE52EBFB}</UniqueIdentifier>
      <Extensions>h;hh;hpp;hxx;h++;hm;inl;inc;ipp;xsd</Extensions>
    </Filter>
    <Filter Include="Resource Files">
      <UniqueIdentifier>{67DA6AB6-F800-4c08-8B7A-83BB121AAD01}</UniqueIdentifier>
      <Extensions>rc;ico;cur;bmp;dlg;rc2;rct;bin;rgs;gif;jpg;jpeg;jpe;resx;tiff;tif;png;wav;mfcribbon-ms</Extensions>
    </Filter>
  </ItemGroup>
  <ItemGroup>
    <ClCompile Include="Source.cpp">
      <Filter>Source Files</Filter>
    </ClCompile>
    <ClCompile Include="MyException.cpp">
      <Filter>Source Files</Filter>
    </ClCompile>
    <ClCompile Include="IComponent.cpp">
      <Filter>Source Files</Filter>
    </ClCompile>
    <ClCompile Include="Logger.cpp">
      <Filter>Source Files</Filter>
    </ClCompile>
    <ClCompile Include="BD.cpp">
      <Filter>Source Files</Filter>
    </ClCompile>
    <ClCompile Include="Child.cpp">
      <Filter>Source Files</Filter>
    </ClCompile>
    <ClCompile Include="Gift.cpp">
      <Filter>Source Files</Filter>
    </ClCompile>
    <ClCompile Include="User.cpp">
      <Filter>Source Files</Filter>
    </ClCompile>
    <ClCompile Include="Wheel.cpp">
      <Filter>Source Files</Filter>
    </ClCompile>
    <ClCompile Include="bikeframe.cpp">
      <Filter>Source Files</Filter>
    </ClCompile>
    <ClCompile Include="Engine.cpp">
      <Filter>Source Files</Filter>
    </ClCompile>
    <ClCompile Include="Motherboard.cpp">
      <Filter>Source Files</Filter>
    </ClCompile>
    <ClCompile Include="Processor.cpp">
      <Filter>Source Files</Filter>
    </ClCompile>
    <ClCompile Include="Door.cpp">
      <Filter>Source Files</Filter>
    </ClCompile>
    <ClCompile Include="Bike.cpp">
      <Filter>Source Files</Filter>
    </ClCompile>
    <ClCompile Include="Scooter.cpp">
      <Filter>Source Files</Filter>
    </ClCompile>
    <ClCompile Include="Car.cpp">
      <Filter>Source Files</Filter>
    </ClCompile>
    <ClCompile Include="Laptop.cpp">
      <Filter>Source Files</Filter>
    </ClCompile>
    <ClCompile Include="Videocard.cpp">
      <Filter>Source Files</Filter>
    </ClCompile>
    <ClCompile Include="PC.cpp">
      <Filter>Source Files</Filter>
    </ClCompile>
    <ClCompile Include="Case.cpp">
      <Filter>Source Files</Filter>
    </ClCompile>
    <ClCompile Include="PcBuilder.cpp">
      <Filter>Source Files</Filter>
    </ClCompile>
    <ClCompile Include="Builder.cpp">
      <Filter>Source Files</Filter>
    </ClCompile>
  </ItemGroup>
  <ItemGroup>
    <ClInclude Include="User.h">
      <Filter>Header Files</Filter>
    </ClInclude>
    <ClInclude Include="MyException.h">
      <Filter>Header Files</Filter>
    </ClInclude>
    <ClInclude Include="IComponent.h">
      <Filter>Header Files</Filter>
    </ClInclude>
    <ClInclude Include="Logger.h">
      <Filter>Header Files</Filter>
    </ClInclude>
    <ClInclude Include="BD.h">
      <Filter>Header Files</Filter>
    </ClInclude>
    <ClInclude Include="Child.h">
      <Filter>Header Files</Filter>
    </ClInclude>
    <ClInclude Include="Gift.h">
      <Filter>Header Files</Filter>
    </ClInclude>
    <ClInclude Include="Wheel.h">
      <Filter>Header Files</Filter>
    </ClInclude>
    <ClInclude Include="bikeframe.h">
      <Filter>Header Files</Filter>
    </ClInclude>
    <ClInclude Include="Engine.h">
      <Filter>Header Files</Filter>
    </ClInclude>
    <ClInclude Include="Motherboard.h">
      <Filter>Header Files</Filter>
    </ClInclude>
    <ClInclude Include="Processor.h">
      <Filter>Header Files</Filter>
    </ClInclude>
    <ClInclude Include="Door.h">
      <Filter>Header Files</Filter>
    </ClInclude>
    <ClInclude Include="Bike.h">
      <Filter>Header Files</Filter>
    </ClInclude>
    <ClInclude Include="Scooter.h">
      <Filter>Header Files</Filter>
    </ClInclude>
    <ClInclude Include="Car.h">
      <Filter>Header Files</Filter>
    </ClInclude>
    <ClInclude Include="Laptop.h">
      <Filter>Header Files</Filter>
    </ClInclude>
    <ClInclude Include="Videocard.h">
      <Filter>Header Files</Filter>
    </ClInclude>
    <ClInclude Include="PC.h">
      <Filter>Header Files</Filter>
    </ClInclude>
    <ClInclude Include="Case.h">
      <Filter>Header Files</Filter>
    </ClInclude>
    <ClInclude Include="FactoryForGifts.h">
      <Filter>Header Files</Filter>
    </ClInclude>
    <ClInclude Include="FactoryForComponents.h">
      <Filter>Header Files</Filter>
    </ClInclude>
    <ClInclude Include="PcBuilder.h">
      <Filter>Header Files</Filter>
    </ClInclude>
    <ClInclude Include="Builder.h">
      <Filter>Header Files</Filter>
    </ClInclude>
  </ItemGroup>
  <ItemGroup>
    <Text Include="logs.log" />
    <Text Include="childs.txt" />
    <Text Include="adresses.txt" />
    <Text Include="desiredgifts.txt" />
    <Text Include="accounts.txt">
      <Filter>Source Files</Filter>
    </Text>
    <Text Include="giftdata.txt" />
    <Text Include="componentstock.txt" />
  </ItemGroup>
  <ItemGroup>
    <None Include="ClassDiagram.cd" />
    <None Include="ClassDiagram1.cd" />
  </ItemGroup>
</Project>